
Microsoft Visual Studio Solution File, Format Version 12.00
# Visual Studio Version 16
VisualStudioVersion = 16.0.28809.33
MinimumVisualStudioVersion = 10.0.40219.1
Project("{FAE04EC0-301F-11D3-BF4B-00C04F79EFBC}") = "Odev3", "Odev3\Odev3.csproj", "{F05F335A-3730-46E8-97D7-39942B18D796}"
EndProject
Global
	GlobalSection(SolutionConfigurationPlatforms) = preSolution
		Debug|Any CPU = Debug|Any CPU
		Release|Any CPU = Release|Any CPU
	EndGlobalSection
	GlobalSection(ProjectConfigurationPlatforms) = postSolution
		{F05F335A-3730-46E8-97D7-39942B18D796}.Debug|Any CPU.ActiveCfg = Debug|Any CPU
		{F05F335A-3730-46E8-97D7-39942B18D796}.Debug|Any CPU.Build.0 = Debug|Any CPU
		{F05F335A-3730-46E8-97D7-39942B18D796}.Release|Any CPU.ActiveCfg = Release|Any CPU
		{F05F335A-3730-46E8-97D7-39942B18D796}.Release|Any CPU.Build.0 = Release|Any CPU
	EndGlobalSection
	GlobalSection(SolutionProperties) = preSolution
		HideSolutionNode = FALSE
	EndGlobalSection
	GlobalSection(ExtensibilityGlobals) = postSolution
		SolutionGuid = {20FFC083-F55A-46FD-AEF2-DBF7A67787ED}
	EndGlobalSection
EndGlobal
